// !$*UTF8*$!
{
	archiveVersion = 1;
	classes = {
	};
	objectVersion = 46;
	objects = {

/* Begin PBXBuildFile section */
		052F7A8C1BA9145C0008C3D6 /* ProtocolExercises.m in Sources */ = {isa = PBXBuildFile; fileRef = 052F7A8B1BA9145C0008C3D6 /* ProtocolExercises.m */; };
		052F7A8E1BA9214F0008C3D6 /* ProtocolTests.m in Sources */ = {isa = PBXBuildFile; fileRef = 052F7A8D1BA9214F0008C3D6 /* ProtocolTests.m */; };
		052F7A911BA9C31F0008C3D6 /* BinarySearch.m in Sources */ = {isa = PBXBuildFile; fileRef = 052F7A901BA9C31F0008C3D6 /* BinarySearch.m */; };
		0537BF481BB1B9CB0057B5EA /* BinaryTree.m in Sources */ = {isa = PBXBuildFile; fileRef = 0537BF471BB1B9CB0057B5EA /* BinaryTree.m */; settings = {ASSET_TAGS = (); }; };
		058342CD1BA1D951001DE993 /* main.m in Sources */ = {isa = PBXBuildFile; fileRef = 058342CC1BA1D951001DE993 /* main.m */; };
		058342D01BA1D951001DE993 /* AppDelegate.m in Sources */ = {isa = PBXBuildFile; fileRef = 058342CF1BA1D951001DE993 /* AppDelegate.m */; };
		058342D31BA1D951001DE993 /* ViewController.m in Sources */ = {isa = PBXBuildFile; fileRef = 058342D21BA1D951001DE993 /* ViewController.m */; };
		058342D61BA1D951001DE993 /* Main.storyboard in Resources */ = {isa = PBXBuildFile; fileRef = 058342D41BA1D951001DE993 /* Main.storyboard */; };
		058342D91BA1D951001DE993 /* Studium_ObjC.xcdatamodeld in Sources */ = {isa = PBXBuildFile; fileRef = 058342D71BA1D951001DE993 /* Studium_ObjC.xcdatamodeld */; };
		058342DB1BA1D951001DE993 /* Assets.xcassets in Resources */ = {isa = PBXBuildFile; fileRef = 058342DA1BA1D951001DE993 /* Assets.xcassets */; };
		058342DE1BA1D951001DE993 /* LaunchScreen.storyboard in Resources */ = {isa = PBXBuildFile; fileRef = 058342DC1BA1D951001DE993 /* LaunchScreen.storyboard */; };
		058342F41BA1D951001DE993 /* Studium_ObjCUITests.m in Sources */ = {isa = PBXBuildFile; fileRef = 058342F31BA1D951001DE993 /* Studium_ObjCUITests.m */; };
		058343041BA1DA72001DE993 /* NSArrayCategory.m in Sources */ = {isa = PBXBuildFile; fileRef = 058343031BA1DA72001DE993 /* NSArrayCategory.m */; };
		058343061BA1DD37001DE993 /* NSArrayCategoryTests.m in Sources */ = {isa = PBXBuildFile; fileRef = 058343051BA1DD37001DE993 /* NSArrayCategoryTests.m */; };
		0583430C1BA49E06001DE993 /* LinkedList.m in Sources */ = {isa = PBXBuildFile; fileRef = 0583430B1BA49E06001DE993 /* LinkedList.m */; };
		0583430E1BA4AA1B001DE993 /* LinkedListTests.m in Sources */ = {isa = PBXBuildFile; fileRef = 0583430D1BA4AA1B001DE993 /* LinkedListTests.m */; };
		058343111BA4B4B0001DE993 /* BinarySearchTreeInC.m in Sources */ = {isa = PBXBuildFile; fileRef = 058343101BA4B4B0001DE993 /* BinarySearchTreeInC.m */; };
		058343131BA4D80B001DE993 /* BinarySearchTests.m in Sources */ = {isa = PBXBuildFile; fileRef = 058343121BA4D80B001DE993 /* BinarySearchTests.m */; };
		058343151BA5EC70001DE993 /* QuartzCore.framework in Frameworks */ = {isa = PBXBuildFile; fileRef = 058343141BA5EC70001DE993 /* QuartzCore.framework */; };
		058343181BA62857001DE993 /* ModelTableViewController.m in Sources */ = {isa = PBXBuildFile; fileRef = 058343171BA62857001DE993 /* ModelTableViewController.m */; };
		0583431B1BA680C8001DE993 /* UIViewViewController.m in Sources */ = {isa = PBXBuildFile; fileRef = 0583431A1BA680C8001DE993 /* UIViewViewController.m */; };
		058343251BA71AC9001DE993 /* NotificationTableViewController.m in Sources */ = {isa = PBXBuildFile; fileRef = 058343241BA71AC9001DE993 /* NotificationTableViewController.m */; };
		058343281BA728E9001DE993 /* KVOTableViewController.m in Sources */ = {isa = PBXBuildFile; fileRef = 058343271BA728E9001DE993 /* KVOTableViewController.m */; };
		058CDA451BA65A4A008247C7 /* Author.m in Sources */ = {isa = PBXBuildFile; fileRef = 058CDA441BA65A4A008247C7 /* Author.m */; };
		058CDA491BA65A61008247C7 /* Book.m in Sources */ = {isa = PBXBuildFile; fileRef = 058CDA481BA65A61008247C7 /* Book.m */; };
		059471471BAB086600552046 /* NSStringCategory.m in Sources */ = {isa = PBXBuildFile; fileRef = 059471461BAB086600552046 /* NSStringCategory.m */; };
		059471491BABB42F00552046 /* StringTests.m in Sources */ = {isa = PBXBuildFile; fileRef = 059471481BABB42F00552046 /* StringTests.m */; };
		0594714C1BAC486C00552046 /* Sort.m in Sources */ = {isa = PBXBuildFile; fileRef = 0594714B1BAC486C00552046 /* Sort.m */; };
		0594714E1BAC52E600552046 /* SortTests.m in Sources */ = {isa = PBXBuildFile; fileRef = 0594714D1BAC52E600552046 /* SortTests.m */; };
/* End PBXBuildFile section */

/* Begin PBXContainerItemProxy section */
		058342E51BA1D951001DE993 /* PBXContainerItemProxy */ = {
			isa = PBXContainerItemProxy;
			containerPortal = 058342C01BA1D951001DE993 /* Project object */;
			proxyType = 1;
			remoteGlobalIDString = 058342C71BA1D951001DE993;
			remoteInfo = "Studium-ObjC";
		};
		058342F01BA1D951001DE993 /* PBXContainerItemProxy */ = {
			isa = PBXContainerItemProxy;
			containerPortal = 058342C01BA1D951001DE993 /* Project object */;
			proxyType = 1;
			remoteGlobalIDString = 058342C71BA1D951001DE993;
			remoteInfo = "Studium-ObjC";
		};
/* End PBXContainerItemProxy section */

/* Begin PBXFileReference section */
		052F7A8A1BA9145C0008C3D6 /* ProtocolExercises.h */ = {isa = PBXFileReference; fileEncoding = 4; lastKnownFileType = sourcecode.c.h; path = ProtocolExercises.h; sourceTree = "<group>"; };
		052F7A8B1BA9145C0008C3D6 /* ProtocolExercises.m */ = {isa = PBXFileReference; fileEncoding = 4; lastKnownFileType = sourcecode.c.objc; path = ProtocolExercises.m; sourceTree = "<group>"; };
		052F7A8D1BA9214F0008C3D6 /* ProtocolTests.m */ = {isa = PBXFileReference; fileEncoding = 4; lastKnownFileType = sourcecode.c.objc; path = ProtocolTests.m; sourceTree = "<group>"; };
		052F7A8F1BA9C31F0008C3D6 /* BinarySearch.h */ = {isa = PBXFileReference; fileEncoding = 4; lastKnownFileType = sourcecode.c.h; path = BinarySearch.h; sourceTree = "<group>"; };
		052F7A901BA9C31F0008C3D6 /* BinarySearch.m */ = {isa = PBXFileReference; fileEncoding = 4; lastKnownFileType = sourcecode.c.objc; path = BinarySearch.m; sourceTree = "<group>"; };
		0537BF461BB1B9CB0057B5EA /* BinaryTree.h */ = {isa = PBXFileReference; fileEncoding = 4; lastKnownFileType = sourcecode.c.h; path = BinaryTree.h; sourceTree = "<group>"; };
		0537BF471BB1B9CB0057B5EA /* BinaryTree.m */ = {isa = PBXFileReference; fileEncoding = 4; lastKnownFileType = sourcecode.c.objc; path = BinaryTree.m; sourceTree = "<group>"; };
		058342C81BA1D951001DE993 /* Studium-ObjC.app */ = {isa = PBXFileReference; explicitFileType = wrapper.application; includeInIndex = 0; path = "Studium-ObjC.app"; sourceTree = BUILT_PRODUCTS_DIR; };
		058342CC1BA1D951001DE993 /* main.m */ = {isa = PBXFileReference; lastKnownFileType = sourcecode.c.objc; path = main.m; sourceTree = "<group>"; };
		058342CE1BA1D951001DE993 /* AppDelegate.h */ = {isa = PBXFileReference; lastKnownFileType = sourcecode.c.h; path = AppDelegate.h; sourceTree = "<group>"; };
		058342CF1BA1D951001DE993 /* AppDelegate.m */ = {isa = PBXFileReference; lastKnownFileType = sourcecode.c.objc; path = AppDelegate.m; sourceTree = "<group>"; };
		058342D11BA1D951001DE993 /* ViewController.h */ = {isa = PBXFileReference; lastKnownFileType = sourcecode.c.h; path = ViewController.h; sourceTree = "<group>"; };
		058342D21BA1D951001DE993 /* ViewController.m */ = {isa = PBXFileReference; lastKnownFileType = sourcecode.c.objc; path = ViewController.m; sourceTree = "<group>"; };
		058342D51BA1D951001DE993 /* Base */ = {isa = PBXFileReference; lastKnownFileType = file.storyboard; name = Base; path = Base.lproj/Main.storyboard; sourceTree = "<group>"; };
		058342D81BA1D951001DE993 /* Studium_ObjC.xcdatamodel */ = {isa = PBXFileReference; lastKnownFileType = wrapper.xcdatamodel; path = Studium_ObjC.xcdatamodel; sourceTree = "<group>"; };
		058342DA1BA1D951001DE993 /* Assets.xcassets */ = {isa = PBXFileReference; lastKnownFileType = folder.assetcatalog; path = Assets.xcassets; sourceTree = "<group>"; };
		058342DD1BA1D951001DE993 /* Base */ = {isa = PBXFileReference; lastKnownFileType = file.storyboard; name = Base; path = Base.lproj/LaunchScreen.storyboard; sourceTree = "<group>"; };
		058342DF1BA1D951001DE993 /* Info.plist */ = {isa = PBXFileReference; lastKnownFileType = text.plist.xml; path = Info.plist; sourceTree = "<group>"; };
		058342E41BA1D951001DE993 /* Studium-ObjCTests.xctest */ = {isa = PBXFileReference; explicitFileType = wrapper.cfbundle; includeInIndex = 0; path = "Studium-ObjCTests.xctest"; sourceTree = BUILT_PRODUCTS_DIR; };
		058342EA1BA1D951001DE993 /* Info.plist */ = {isa = PBXFileReference; lastKnownFileType = text.plist.xml; path = Info.plist; sourceTree = "<group>"; };
		058342EF1BA1D951001DE993 /* Studium-ObjCUITests.xctest */ = {isa = PBXFileReference; explicitFileType = wrapper.cfbundle; includeInIndex = 0; path = "Studium-ObjCUITests.xctest"; sourceTree = BUILT_PRODUCTS_DIR; };
		058342F31BA1D951001DE993 /* Studium_ObjCUITests.m */ = {isa = PBXFileReference; lastKnownFileType = sourcecode.c.objc; path = Studium_ObjCUITests.m; sourceTree = "<group>"; };
		058342F51BA1D951001DE993 /* Info.plist */ = {isa = PBXFileReference; lastKnownFileType = text.plist.xml; path = Info.plist; sourceTree = "<group>"; };
		058343021BA1DA72001DE993 /* NSArrayCategory.h */ = {isa = PBXFileReference; fileEncoding = 4; lastKnownFileType = sourcecode.c.h; path = NSArrayCategory.h; sourceTree = "<group>"; };
		058343031BA1DA72001DE993 /* NSArrayCategory.m */ = {isa = PBXFileReference; fileEncoding = 4; lastKnownFileType = sourcecode.c.objc; path = NSArrayCategory.m; sourceTree = "<group>"; };
		058343051BA1DD37001DE993 /* NSArrayCategoryTests.m */ = {isa = PBXFileReference; fileEncoding = 4; lastKnownFileType = sourcecode.c.objc; path = NSArrayCategoryTests.m; sourceTree = "<group>"; };
		0583430A1BA49E06001DE993 /* LinkedList.h */ = {isa = PBXFileReference; fileEncoding = 4; lastKnownFileType = sourcecode.c.h; path = LinkedList.h; sourceTree = "<group>"; };
		0583430B1BA49E06001DE993 /* LinkedList.m */ = {isa = PBXFileReference; fileEncoding = 4; lastKnownFileType = sourcecode.c.objc; path = LinkedList.m; sourceTree = "<group>"; };
		0583430D1BA4AA1B001DE993 /* LinkedListTests.m */ = {isa = PBXFileReference; fileEncoding = 4; lastKnownFileType = sourcecode.c.objc; path = LinkedListTests.m; sourceTree = "<group>"; };
		0583430F1BA4B4B0001DE993 /* BinarySearchTreeInC.h */ = {isa = PBXFileReference; fileEncoding = 4; lastKnownFileType = sourcecode.c.h; path = BinarySearchTreeInC.h; sourceTree = "<group>"; };
		058343101BA4B4B0001DE993 /* BinarySearchTreeInC.m */ = {isa = PBXFileReference; fileEncoding = 4; lastKnownFileType = sourcecode.c.objc; path = BinarySearchTreeInC.m; sourceTree = "<group>"; };
		058343121BA4D80B001DE993 /* BinarySearchTests.m */ = {isa = PBXFileReference; fileEncoding = 4; lastKnownFileType = sourcecode.c.objc; path = BinarySearchTests.m; sourceTree = "<group>"; };
		058343141BA5EC70001DE993 /* QuartzCore.framework */ = {isa = PBXFileReference; lastKnownFileType = wrapper.framework; name = QuartzCore.framework; path = System/Library/Frameworks/QuartzCore.framework; sourceTree = SDKROOT; };
		058343161BA62857001DE993 /* ModelTableViewController.h */ = {isa = PBXFileReference; fileEncoding = 4; lastKnownFileType = sourcecode.c.h; path = ModelTableViewController.h; sourceTree = "<group>"; };
		058343171BA62857001DE993 /* ModelTableViewController.m */ = {isa = PBXFileReference; fileEncoding = 4; lastKnownFileType = sourcecode.c.objc; path = ModelTableViewController.m; sourceTree = "<group>"; };
		058343191BA680C8001DE993 /* UIViewViewController.h */ = {isa = PBXFileReference; fileEncoding = 4; lastKnownFileType = sourcecode.c.h; path = UIViewViewController.h; sourceTree = "<group>"; };
		0583431A1BA680C8001DE993 /* UIViewViewController.m */ = {isa = PBXFileReference; fileEncoding = 4; lastKnownFileType = sourcecode.c.objc; path = UIViewViewController.m; sourceTree = "<group>"; };
		058343231BA71AC9001DE993 /* NotificationTableViewController.h */ = {isa = PBXFileReference; fileEncoding = 4; lastKnownFileType = sourcecode.c.h; path = NotificationTableViewController.h; sourceTree = "<group>"; };
		058343241BA71AC9001DE993 /* NotificationTableViewController.m */ = {isa = PBXFileReference; fileEncoding = 4; lastKnownFileType = sourcecode.c.objc; path = NotificationTableViewController.m; sourceTree = "<group>"; };
		058343261BA728E9001DE993 /* KVOTableViewController.h */ = {isa = PBXFileReference; fileEncoding = 4; lastKnownFileType = sourcecode.c.h; path = KVOTableViewController.h; sourceTree = "<group>"; };
		058343271BA728E9001DE993 /* KVOTableViewController.m */ = {isa = PBXFileReference; fileEncoding = 4; lastKnownFileType = sourcecode.c.objc; path = KVOTableViewController.m; sourceTree = "<group>"; };
		058CDA421BA65A4A008247C7 /* Author+CoreDataProperties.h */ = {isa = PBXFileReference; fileEncoding = 4; lastKnownFileType = sourcecode.c.h; path = "Author+CoreDataProperties.h"; sourceTree = "<group>"; };
		058CDA431BA65A4A008247C7 /* Author.h */ = {isa = PBXFileReference; fileEncoding = 4; lastKnownFileType = sourcecode.c.h; path = Author.h; sourceTree = "<group>"; };
		058CDA441BA65A4A008247C7 /* Author.m */ = {isa = PBXFileReference; fileEncoding = 4; lastKnownFileType = sourcecode.c.objc; path = Author.m; sourceTree = "<group>"; };
		058CDA461BA65A61008247C7 /* Book+CoreDataProperties.h */ = {isa = PBXFileReference; fileEncoding = 4; lastKnownFileType = sourcecode.c.h; path = "Book+CoreDataProperties.h"; sourceTree = "<group>"; };
		058CDA471BA65A61008247C7 /* Book.h */ = {isa = PBXFileReference; fileEncoding = 4; lastKnownFileType = sourcecode.c.h; path = Book.h; sourceTree = "<group>"; };
		058CDA481BA65A61008247C7 /* Book.m */ = {isa = PBXFileReference; fileEncoding = 4; lastKnownFileType = sourcecode.c.objc; path = Book.m; sourceTree = "<group>"; };
		059471451BAB086600552046 /* NSStringCategory.h */ = {isa = PBXFileReference; fileEncoding = 4; lastKnownFileType = sourcecode.c.h; path = NSStringCategory.h; sourceTree = "<group>"; };
		059471461BAB086600552046 /* NSStringCategory.m */ = {isa = PBXFileReference; fileEncoding = 4; lastKnownFileType = sourcecode.c.objc; path = NSStringCategory.m; sourceTree = "<group>"; };
		059471481BABB42F00552046 /* StringTests.m */ = {isa = PBXFileReference; fileEncoding = 4; lastKnownFileType = sourcecode.c.objc; path = StringTests.m; sourceTree = "<group>"; };
		0594714A1BAC486C00552046 /* Sort.h */ = {isa = PBXFileReference; fileEncoding = 4; lastKnownFileType = sourcecode.c.h; path = Sort.h; sourceTree = "<group>"; };
		0594714B1BAC486C00552046 /* Sort.m */ = {isa = PBXFileReference; fileEncoding = 4; lastKnownFileType = sourcecode.c.objc; path = Sort.m; sourceTree = "<group>"; };
		0594714D1BAC52E600552046 /* SortTests.m */ = {isa = PBXFileReference; fileEncoding = 4; lastKnownFileType = sourcecode.c.objc; path = SortTests.m; sourceTree = "<group>"; };
/* End PBXFileReference section */

/* Begin PBXFrameworksBuildPhase section */
		058342C51BA1D951001DE993 /* Frameworks */ = {
			isa = PBXFrameworksBuildPhase;
			buildActionMask = 2147483647;
			files = (
				058343151BA5EC70001DE993 /* QuartzCore.framework in Frameworks */,
			);
			runOnlyForDeploymentPostprocessing = 0;
		};
		058342E11BA1D951001DE993 /* Frameworks */ = {
			isa = PBXFrameworksBuildPhase;
			buildActionMask = 2147483647;
			files = (
			);
			runOnlyForDeploymentPostprocessing = 0;
		};
		058342EC1BA1D951001DE993 /* Frameworks */ = {
			isa = PBXFrameworksBuildPhase;
			buildActionMask = 2147483647;
			files = (
			);
			runOnlyForDeploymentPostprocessing = 0;
		};
/* End PBXFrameworksBuildPhase section */

/* Begin PBXGroup section */
		0537BF421BB1AD040057B5EA /* Animation */ = {
			isa = PBXGroup;
			children = (
				058343191BA680C8001DE993 /* UIViewViewController.h */,
				0583431A1BA680C8001DE993 /* UIViewViewController.m */,
				058342D11BA1D951001DE993 /* ViewController.h */,
				058342D21BA1D951001DE993 /* ViewController.m */,
			);
			name = Animation;
			sourceTree = "<group>";
		};
		0537BF431BB1AD120057B5EA /* CoreData */ = {
			isa = PBXGroup;
			children = (
				058343161BA62857001DE993 /* ModelTableViewController.h */,
				058343171BA62857001DE993 /* ModelTableViewController.m */,
				058CDA431BA65A4A008247C7 /* Author.h */,
				058CDA441BA65A4A008247C7 /* Author.m */,
				058CDA421BA65A4A008247C7 /* Author+CoreDataProperties.h */,
				058CDA471BA65A61008247C7 /* Book.h */,
				058CDA481BA65A61008247C7 /* Book.m */,
				058CDA461BA65A61008247C7 /* Book+CoreDataProperties.h */,
			);
			name = CoreData;
			sourceTree = "<group>";
		};
		0537BF441BB1AD3D0057B5EA /* Notifications */ = {
			isa = PBXGroup;
			children = (
				058343261BA728E9001DE993 /* KVOTableViewController.h */,
				058343271BA728E9001DE993 /* KVOTableViewController.m */,
				058343231BA71AC9001DE993 /* NotificationTableViewController.h */,
				058343241BA71AC9001DE993 /* NotificationTableViewController.m */,
			);
			name = Notifications;
			sourceTree = "<group>";
		};
		0537BF451BB1AE1F0057B5EA /* ObjC */ = {
			isa = PBXGroup;
			children = (
				052F7A8A1BA9145C0008C3D6 /* ProtocolExercises.h */,
				052F7A8B1BA9145C0008C3D6 /* ProtocolExercises.m */,
			);
			name = ObjC;
			sourceTree = "<group>";
		};
		058342BF1BA1D951001DE993 = {
			isa = PBXGroup;
			children = (
				058343141BA5EC70001DE993 /* QuartzCore.framework */,
				058342CA1BA1D951001DE993 /* Studium-ObjC */,
				058342E71BA1D951001DE993 /* Studium-ObjCTests */,
				058342F21BA1D951001DE993 /* Studium-ObjCUITests */,
				058342C91BA1D951001DE993 /* Products */,
			);
			sourceTree = "<group>";
		};
		058342C91BA1D951001DE993 /* Products */ = {
			isa = PBXGroup;
			children = (
				058342C81BA1D951001DE993 /* Studium-ObjC.app */,
				058342E41BA1D951001DE993 /* Studium-ObjCTests.xctest */,
				058342EF1BA1D951001DE993 /* Studium-ObjCUITests.xctest */,
			);
			name = Products;
			sourceTree = "<group>";
		};
		058342CA1BA1D951001DE993 /* Studium-ObjC */ = {
			isa = PBXGroup;
			children = (
				058342CE1BA1D951001DE993 /* AppDelegate.h */,
				058342CF1BA1D951001DE993 /* AppDelegate.m */,
				058342DF1BA1D951001DE993 /* Info.plist */,
				058342DA1BA1D951001DE993 /* Assets.xcassets */,
				058343011BA1D9D4001DE993 /* Algorithms */,
				0537BF421BB1AD040057B5EA /* Animation */,
				0537BF431BB1AD120057B5EA /* CoreData */,
				058342DC1BA1D951001DE993 /* LaunchScreen.storyboard */,
				058342D41BA1D951001DE993 /* Main.storyboard */,
				0537BF441BB1AD3D0057B5EA /* Notifications */,
				0537BF451BB1AE1F0057B5EA /* ObjC */,
				058343091BA49DCA001DE993 /* Structures */,
				058342D71BA1D951001DE993 /* Studium_ObjC.xcdatamodeld */,
				058342CB1BA1D951001DE993 /* Supporting Files */,
			);
			path = "Studium-ObjC";
			sourceTree = "<group>";
		};
		058342CB1BA1D951001DE993 /* Supporting Files */ = {
			isa = PBXGroup;
			children = (
				058342CC1BA1D951001DE993 /* main.m */,
			);
			name = "Supporting Files";
			sourceTree = "<group>";
		};
		058342E71BA1D951001DE993 /* Studium-ObjCTests */ = {
			isa = PBXGroup;
			children = (
				058342EA1BA1D951001DE993 /* Info.plist */,
				058343051BA1DD37001DE993 /* NSArrayCategoryTests.m */,
				0583430D1BA4AA1B001DE993 /* LinkedListTests.m */,
				058343121BA4D80B001DE993 /* BinarySearchTests.m */,
				052F7A8D1BA9214F0008C3D6 /* ProtocolTests.m */,
				059471481BABB42F00552046 /* StringTests.m */,
				0594714D1BAC52E600552046 /* SortTests.m */,
			);
			path = "Studium-ObjCTests";
			sourceTree = "<group>";
		};
		058342F21BA1D951001DE993 /* Studium-ObjCUITests */ = {
			isa = PBXGroup;
			children = (
				058342F31BA1D951001DE993 /* Studium_ObjCUITests.m */,
				058342F51BA1D951001DE993 /* Info.plist */,
			);
			path = "Studium-ObjCUITests";
			sourceTree = "<group>";
		};
		058343011BA1D9D4001DE993 /* Algorithms */ = {
			isa = PBXGroup;
			children = (
				058343021BA1DA72001DE993 /* NSArrayCategory.h */,
				058343031BA1DA72001DE993 /* NSArrayCategory.m */,
				052F7A8F1BA9C31F0008C3D6 /* BinarySearch.h */,
				052F7A901BA9C31F0008C3D6 /* BinarySearch.m */,
				059471451BAB086600552046 /* NSStringCategory.h */,
				059471461BAB086600552046 /* NSStringCategory.m */,
				0594714A1BAC486C00552046 /* Sort.h */,
				0594714B1BAC486C00552046 /* Sort.m */,
			);
			name = Algorithms;
			sourceTree = "<group>";
		};
		058343091BA49DCA001DE993 /* Structures */ = {
			isa = PBXGroup;
			children = (
				0583430F1BA4B4B0001DE993 /* BinarySearchTreeInC.h */,
				058343101BA4B4B0001DE993 /* BinarySearchTreeInC.m */,
				0537BF461BB1B9CB0057B5EA /* BinaryTree.h */,
				0537BF471BB1B9CB0057B5EA /* BinaryTree.m */,
				0583430A1BA49E06001DE993 /* LinkedList.h */,
				0583430B1BA49E06001DE993 /* LinkedList.m */,
			);
			name = Structures;
			sourceTree = "<group>";
		};
/* End PBXGroup section */

/* Begin PBXNativeTarget section */
		058342C71BA1D951001DE993 /* Studium-ObjC */ = {
			isa = PBXNativeTarget;
			buildConfigurationList = 058342F81BA1D951001DE993 /* Build configuration list for PBXNativeTarget "Studium-ObjC" */;
			buildPhases = (
				058342C41BA1D951001DE993 /* Sources */,
				058342C51BA1D951001DE993 /* Frameworks */,
				058342C61BA1D951001DE993 /* Resources */,
			);
			buildRules = (
			);
			dependencies = (
			);
			name = "Studium-ObjC";
			productName = "Studium-ObjC";
			productReference = 058342C81BA1D951001DE993 /* Studium-ObjC.app */;
			productType = "com.apple.product-type.application";
		};
		058342E31BA1D951001DE993 /* Studium-ObjCTests */ = {
			isa = PBXNativeTarget;
			buildConfigurationList = 058342FB1BA1D951001DE993 /* Build configuration list for PBXNativeTarget "Studium-ObjCTests" */;
			buildPhases = (
				058342E01BA1D951001DE993 /* Sources */,
				058342E11BA1D951001DE993 /* Frameworks */,
				058342E21BA1D951001DE993 /* Resources */,
			);
			buildRules = (
			);
			dependencies = (
				058342E61BA1D951001DE993 /* PBXTargetDependency */,
			);
			name = "Studium-ObjCTests";
			productName = "Studium-ObjCTests";
			productReference = 058342E41BA1D951001DE993 /* Studium-ObjCTests.xctest */;
			productType = "com.apple.product-type.bundle.unit-test";
		};
		058342EE1BA1D951001DE993 /* Studium-ObjCUITests */ = {
			isa = PBXNativeTarget;
			buildConfigurationList = 058342FE1BA1D951001DE993 /* Build configuration list for PBXNativeTarget "Studium-ObjCUITests" */;
			buildPhases = (
				058342EB1BA1D951001DE993 /* Sources */,
				058342EC1BA1D951001DE993 /* Frameworks */,
				058342ED1BA1D951001DE993 /* Resources */,
			);
			buildRules = (
			);
			dependencies = (
				058342F11BA1D951001DE993 /* PBXTargetDependency */,
			);
			name = "Studium-ObjCUITests";
			productName = "Studium-ObjCUITests";
			productReference = 058342EF1BA1D951001DE993 /* Studium-ObjCUITests.xctest */;
			productType = "com.apple.product-type.bundle.ui-testing";
		};
/* End PBXNativeTarget section */

/* Begin PBXProject section */
		058342C01BA1D951001DE993 /* Project object */ = {
			isa = PBXProject;
			attributes = {
				LastUpgradeCheck = 0700;
				ORGANIZATIONNAME = "Troy Stribling";
				TargetAttributes = {
					058342C71BA1D951001DE993 = {
						CreatedOnToolsVersion = 7.0;
					};
					058342E31BA1D951001DE993 = {
						CreatedOnToolsVersion = 7.0;
						TestTargetID = 058342C71BA1D951001DE993;
					};
					058342EE1BA1D951001DE993 = {
						CreatedOnToolsVersion = 7.0;
						TestTargetID = 058342C71BA1D951001DE993;
					};
				};
			};
			buildConfigurationList = 058342C31BA1D951001DE993 /* Build configuration list for PBXProject "Studium-ObjC" */;
			compatibilityVersion = "Xcode 3.2";
			developmentRegion = English;
			hasScannedForEncodings = 0;
			knownRegions = (
				en,
				Base,
			);
			mainGroup = 058342BF1BA1D951001DE993;
			productRefGroup = 058342C91BA1D951001DE993 /* Products */;
			projectDirPath = "";
			projectRoot = "";
			targets = (
				058342C71BA1D951001DE993 /* Studium-ObjC */,
				058342E31BA1D951001DE993 /* Studium-ObjCTests */,
				058342EE1BA1D951001DE993 /* Studium-ObjCUITests */,
			);
		};
/* End PBXProject section */

/* Begin PBXResourcesBuildPhase section */
		058342C61BA1D951001DE993 /* Resources */ = {
			isa = PBXResourcesBuildPhase;
			buildActionMask = 2147483647;
			files = (
				058342DE1BA1D951001DE993 /* LaunchScreen.storyboard in Resources */,
				058342DB1BA1D951001DE993 /* Assets.xcassets in Resources */,
				058342D61BA1D951001DE993 /* Main.storyboard in Resources */,
			);
			runOnlyForDeploymentPostprocessing = 0;
		};
		058342E21BA1D951001DE993 /* Resources */ = {
			isa = PBXResourcesBuildPhase;
			buildActionMask = 2147483647;
			files = (
			);
			runOnlyForDeploymentPostprocessing = 0;
		};
		058342ED1BA1D951001DE993 /* Resources */ = {
			isa = PBXResourcesBuildPhase;
			buildActionMask = 2147483647;
			files = (
			);
			runOnlyForDeploymentPostprocessing = 0;
		};
/* End PBXResourcesBuildPhase section */

/* Begin PBXSourcesBuildPhase section */
		058342C41BA1D951001DE993 /* Sources */ = {
			isa = PBXSourcesBuildPhase;
			buildActionMask = 2147483647;
			files = (
				058CDA491BA65A61008247C7 /* Book.m in Sources */,
				0594714C1BAC486C00552046 /* Sort.m in Sources */,
				0583430C1BA49E06001DE993 /* LinkedList.m in Sources */,
				058342D31BA1D951001DE993 /* ViewController.m in Sources */,
				0583431B1BA680C8001DE993 /* UIViewViewController.m in Sources */,
				058CDA451BA65A4A008247C7 /* Author.m in Sources */,
				058342D91BA1D951001DE993 /* Studium_ObjC.xcdatamodeld in Sources */,
				059471471BAB086600552046 /* NSStringCategory.m in Sources */,
				058343251BA71AC9001DE993 /* NotificationTableViewController.m in Sources */,
				058342D01BA1D951001DE993 /* AppDelegate.m in Sources */,
				0537BF481BB1B9CB0057B5EA /* BinaryTree.m in Sources */,
				058343041BA1DA72001DE993 /* NSArrayCategory.m in Sources */,
				058343181BA62857001DE993 /* ModelTableViewController.m in Sources */,
				052F7A911BA9C31F0008C3D6 /* BinarySearch.m in Sources */,
				058342CD1BA1D951001DE993 /* main.m in Sources */,
				058343281BA728E9001DE993 /* KVOTableViewController.m in Sources */,
				058343111BA4B4B0001DE993 /* BinarySearchTreeInC.m in Sources */,
				052F7A8C1BA9145C0008C3D6 /* ProtocolExercises.m in Sources */,
			);
			runOnlyForDeploymentPostprocessing = 0;
		};
		058342E01BA1D951001DE993 /* Sources */ = {
			isa = PBXSourcesBuildPhase;
			buildActionMask = 2147483647;
			files = (
				058343131BA4D80B001DE993 /* BinarySearchTests.m in Sources */,
				0583430E1BA4AA1B001DE993 /* LinkedListTests.m in Sources */,
				058343061BA1DD37001DE993 /* NSArrayCategoryTests.m in Sources */,
				0594714E1BAC52E600552046 /* SortTests.m in Sources */,
				059471491BABB42F00552046 /* StringTests.m in Sources */,
				052F7A8E1BA9214F0008C3D6 /* ProtocolTests.m in Sources */,
			);
			runOnlyForDeploymentPostprocessing = 0;
		};
		058342EB1BA1D951001DE993 /* Sources */ = {
			isa = PBXSourcesBuildPhase;
			buildActionMask = 2147483647;
			files = (
				058342F41BA1D951001DE993 /* Studium_ObjCUITests.m in Sources */,
			);
			runOnlyForDeploymentPostprocessing = 0;
		};
/* End PBXSourcesBuildPhase section */

/* Begin PBXTargetDependency section */
		058342E61BA1D951001DE993 /* PBXTargetDependency */ = {
			isa = PBXTargetDependency;
			target = 058342C71BA1D951001DE993 /* Studium-ObjC */;
			targetProxy = 058342E51BA1D951001DE993 /* PBXContainerItemProxy */;
		};
		058342F11BA1D951001DE993 /* PBXTargetDependency */ = {
			isa = PBXTargetDependency;
			target = 058342C71BA1D951001DE993 /* Studium-ObjC */;
			targetProxy = 058342F01BA1D951001DE993 /* PBXContainerItemProxy */;
		};
/* End PBXTargetDependency section */

/* Begin PBXVariantGroup section */
		058342D41BA1D951001DE993 /* Main.storyboard */ = {
			isa = PBXVariantGroup;
			children = (
				058342D51BA1D951001DE993 /* Base */,
			);
			name = Main.storyboard;
			sourceTree = "<group>";
		};
		058342DC1BA1D951001DE993 /* LaunchScreen.storyboard */ = {
			isa = PBXVariantGroup;
			children = (
				058342DD1BA1D951001DE993 /* Base */,
			);
			name = LaunchScreen.storyboard;
			sourceTree = "<group>";
		};
/* End PBXVariantGroup section */

/* Begin XCBuildConfiguration section */
		058342F61BA1D951001DE993 /* Debug */ = {
			isa = XCBuildConfiguration;
			buildSettings = {
				ALWAYS_SEARCH_USER_PATHS = NO;
				CLANG_CXX_LANGUAGE_STANDARD = "gnu++0x";
				CLANG_CXX_LIBRARY = "libc++";
				CLANG_ENABLE_MODULES = YES;
				CLANG_ENABLE_OBJC_ARC = YES;
				CLANG_WARN_BOOL_CONVERSION = YES;
				CLANG_WARN_CONSTANT_CONVERSION = YES;
				CLANG_WARN_DIRECT_OBJC_ISA_USAGE = YES_ERROR;
				CLANG_WARN_EMPTY_BODY = YES;
				CLANG_WARN_ENUM_CONVERSION = YES;
				CLANG_WARN_INT_CONVERSION = YES;
				CLANG_WARN_OBJC_ROOT_CLASS = YES_ERROR;
				CLANG_WARN_UNREACHABLE_CODE = YES;
				CLANG_WARN__DUPLICATE_METHOD_MATCH = YES;
				"CODE_SIGN_IDENTITY[sdk=iphoneos*]" = "iPhone Developer";
				COPY_PHASE_STRIP = NO;
				DEBUG_INFORMATION_FORMAT = dwarf;
				ENABLE_STRICT_OBJC_MSGSEND = YES;
				ENABLE_TESTABILITY = YES;
				GCC_C_LANGUAGE_STANDARD = gnu99;
				GCC_DYNAMIC_NO_PIC = NO;
				GCC_NO_COMMON_BLOCKS = YES;
				GCC_OPTIMIZATION_LEVEL = 0;
				GCC_PREPROCESSOR_DEFINITIONS = (
					"DEBUG=1",
					"$(inherited)",
				);
				GCC_WARN_64_TO_32_BIT_CONVERSION = YES;
				GCC_WARN_ABOUT_RETURN_TYPE = YES_ERROR;
				GCC_WARN_UNDECLARED_SELECTOR = YES;
				GCC_WARN_UNINITIALIZED_AUTOS = YES_AGGRESSIVE;
				GCC_WARN_UNUSED_FUNCTION = YES;
				GCC_WARN_UNUSED_VARIABLE = YES;
				IPHONEOS_DEPLOYMENT_TARGET = 9.0;
				MTL_ENABLE_DEBUG_INFO = YES;
				ONLY_ACTIVE_ARCH = YES;
				SDKROOT = iphoneos;
			};
			name = Debug;
		};
		058342F71BA1D951001DE993 /* Release */ = {
			isa = XCBuildConfiguration;
			buildSettings = {
				ALWAYS_SEARCH_USER_PATHS = NO;
				CLANG_CXX_LANGUAGE_STANDARD = "gnu++0x";
				CLANG_CXX_LIBRARY = "libc++";
				CLANG_ENABLE_MODULES = YES;
				CLANG_ENABLE_OBJC_ARC = YES;
				CLANG_WARN_BOOL_CONVERSION = YES;
				CLANG_WARN_CONSTANT_CONVERSION = YES;
				CLANG_WARN_DIRECT_OBJC_ISA_USAGE = YES_ERROR;
				CLANG_WARN_EMPTY_BODY = YES;
				CLANG_WARN_ENUM_CONVERSION = YES;
				CLANG_WARN_INT_CONVERSION = YES;
				CLANG_WARN_OBJC_ROOT_CLASS = YES_ERROR;
				CLANG_WARN_UNREACHABLE_CODE = YES;
				CLANG_WARN__DUPLICATE_METHOD_MATCH = YES;
				"CODE_SIGN_IDENTITY[sdk=iphoneos*]" = "iPhone Developer";
				COPY_PHASE_STRIP = NO;
				DEBUG_INFORMATION_FORMAT = "dwarf-with-dsym";
				ENABLE_NS_ASSERTIONS = NO;
				ENABLE_STRICT_OBJC_MSGSEND = YES;
				GCC_C_LANGUAGE_STANDARD = gnu99;
				GCC_NO_COMMON_BLOCKS = YES;
				GCC_WARN_64_TO_32_BIT_CONVERSION = YES;
				GCC_WARN_ABOUT_RETURN_TYPE = YES_ERROR;
				GCC_WARN_UNDECLARED_SELECTOR = YES;
				GCC_WARN_UNINITIALIZED_AUTOS = YES_AGGRESSIVE;
				GCC_WARN_UNUSED_FUNCTION = YES;
				GCC_WARN_UNUSED_VARIABLE = YES;
				IPHONEOS_DEPLOYMENT_TARGET = 9.0;
				MTL_ENABLE_DEBUG_INFO = NO;
				SDKROOT = iphoneos;
				VALIDATE_PRODUCT = YES;
			};
			name = Release;
		};
		058342F91BA1D951001DE993 /* Debug */ = {
			isa = XCBuildConfiguration;
			buildSettings = {
				ASSETCATALOG_COMPILER_APPICON_NAME = AppIcon;
				INFOPLIST_FILE = "Studium-ObjC/Info.plist";
				LD_RUNPATH_SEARCH_PATHS = "$(inherited) @executable_path/Frameworks";
				PRODUCT_BUNDLE_IDENTIFIER = "gnos.us.Studium-ObjC";
				PRODUCT_NAME = "$(TARGET_NAME)";
			};
			name = Debug;
		};
		058342FA1BA1D951001DE993 /* Release */ = {
			isa = XCBuildConfiguration;
			buildSettings = {
				ASSETCATALOG_COMPILER_APPICON_NAME = AppIcon;
				INFOPLIST_FILE = "Studium-ObjC/Info.plist";
				LD_RUNPATH_SEARCH_PATHS = "$(inherited) @executable_path/Frameworks";
				PRODUCT_BUNDLE_IDENTIFIER = "gnos.us.Studium-ObjC";
				PRODUCT_NAME = "$(TARGET_NAME)";
			};
			name = Release;
		};
		058342FC1BA1D951001DE993 /* Debug */ = {
			isa = XCBuildConfiguration;
			buildSettings = {
				BUNDLE_LOADER = "$(TEST_HOST)";
				INFOPLIST_FILE = "Studium-ObjCTests/Info.plist";
				LD_RUNPATH_SEARCH_PATHS = "$(inherited) @executable_path/Frameworks @loader_path/Frameworks";
				PRODUCT_BUNDLE_IDENTIFIER = "gnos.us.Studium-ObjCTests";
				PRODUCT_NAME = "$(TARGET_NAME)";
				TEST_HOST = "$(BUILT_PRODUCTS_DIR)/Studium-ObjC.app/Studium-ObjC";
			};
			name = Debug;
		};
		058342FD1BA1D951001DE993 /* Release */ = {
			isa = XCBuildConfiguration;
			buildSettings = {
				BUNDLE_LOADER = "$(TEST_HOST)";
				INFOPLIST_FILE = "Studium-ObjCTests/Info.plist";
				LD_RUNPATH_SEARCH_PATHS = "$(inherited) @executable_path/Frameworks @loader_path/Frameworks";
				PRODUCT_BUNDLE_IDENTIFIER = "gnos.us.Studium-ObjCTests";
				PRODUCT_NAME = "$(TARGET_NAME)";
				TEST_HOST = "$(BUILT_PRODUCTS_DIR)/Studium-ObjC.app/Studium-ObjC";
			};
			name = Release;
		};
		058342FF1BA1D951001DE993 /* Debug */ = {
			isa = XCBuildConfiguration;
			buildSettings = {
				INFOPLIST_FILE = "Studium-ObjCUITests/Info.plist";
				LD_RUNPATH_SEARCH_PATHS = "$(inherited) @executable_path/Frameworks @loader_path/Frameworks";
				PRODUCT_BUNDLE_IDENTIFIER = "gnos.us.Studium-ObjCUITests";
				PRODUCT_NAME = "$(TARGET_NAME)";
				TEST_TARGET_NAME = "Studium-ObjC";
				USES_XCTRUNNER = YES;
			};
			name = Debug;
		};
		058343001BA1D951001DE993 /* Release */ = {
			isa = XCBuildConfiguration;
			buildSettings = {
				INFOPLIST_FILE = "Studium-ObjCUITests/Info.plist";
				LD_RUNPATH_SEARCH_PATHS = "$(inherited) @executable_path/Frameworks @loader_path/Frameworks";
				PRODUCT_BUNDLE_IDENTIFIER = "gnos.us.Studium-ObjCUITests";
				PRODUCT_NAME = "$(TARGET_NAME)";
				TEST_TARGET_NAME = "Studium-ObjC";
				USES_XCTRUNNER = YES;
			};
			name = Release;
		};
/* End XCBuildConfiguration section */

/* Begin XCConfigurationList section */
		058342C31BA1D951001DE993 /* Build configuration list for PBXProject "Studium-ObjC" */ = {
			isa = XCConfigurationList;
			buildConfigurations = (
				058342F61BA1D951001DE993 /* Debug */,
				058342F71BA1D951001DE993 /* Release */,
			);
			defaultConfigurationIsVisible = 0;
			defaultConfigurationName = Release;
		};
		058342F81BA1D951001DE993 /* Build configuration list for PBXNativeTarget "Studium-ObjC" */ = {
			isa = XCConfigurationList;
			buildConfigurations = (
				058342F91BA1D951001DE993 /* Debug */,
				058342FA1BA1D951001DE993 /* Release */,
			);
			defaultConfigurationIsVisible = 0;
			defaultConfigurationName = Release;
		};
		058342FB1BA1D951001DE993 /* Build configuration list for PBXNativeTarget "Studium-ObjCTests" */ = {
			isa = XCConfigurationList;
			buildConfigurations = (
				058342FC1BA1D951001DE993 /* Debug */,
				058342FD1BA1D951001DE993 /* Release */,
			);
			defaultConfigurationIsVisible = 0;
			defaultConfigurationName = Release;
		};
		058342FE1BA1D951001DE993 /* Build configuration list for PBXNativeTarget "Studium-ObjCUITests" */ = {
			isa = XCConfigurationList;
			buildConfigurations = (
				058342FF1BA1D951001DE993 /* Debug */,
				058343001BA1D951001DE993 /* Release */,
			);
			defaultConfigurationIsVisible = 0;
			defaultConfigurationName = Release;
		};
/* End XCConfigurationList section */

/* Begin XCVersionGroup section */
		058342D71BA1D951001DE993 /* Studium_ObjC.xcdatamodeld */ = {
			isa = XCVersionGroup;
			children = (
				058342D81BA1D951001DE993 /* Studium_ObjC.xcdatamodel */,
			);
			currentVersion = 058342D81BA1D951001DE993 /* Studium_ObjC.xcdatamodel */;
			path = Studium_ObjC.xcdatamodeld;
			sourceTree = "<group>";
			versionGroupType = wrapper.xcdatamodel;
		};
/* End XCVersionGroup section */
	};
	rootObject = 058342C01BA1D951001DE993 /* Project object */;
}
